# THIS IS AN AUTOGENERATED FILE. DO NOT EDIT THIS FILE DIRECTLY.
# yarn lockfile v1


"@cloudflare/workers-types@^3.11.0":
  version "3.11.0"
  resolved "https://registry.yarnpkg.com/@cloudflare/workers-types/-/workers-types-3.11.0.tgz#8067dede888ea495cae06898d5e75e4401acf435"
  integrity sha512-XmKgZZHrCdPsoVQkdd365R7GvwTwDVJsMyEG3Dq/Tgxz6vgrps2c8PXBqEutguwvl0zDAF0AL0e2Z8WG9Dffjw==
